{
  "name": "report-lambda",
  "version": "1.0.0",
  "lockfileVersion": 3,
  "requires": true,
  "packages": {
    "": {
      "name": "report-lambda",
      "version": "1.0.0",
      "dependencies": {
        "exceljs": "^4.4.0",
        "pdfkit": "^0.15.0",
        "@types/pdfkit": "^0.13.4"
      }
    }
  }
}
